
Microsoft Visual Studio Solution File, Format Version 12.00
# Visual Studio Version 17
VisualStudioVersion = 17.0.31903.59
MinimumVisualStudioVersion = 10.0.40219.1
Project("{FAE04EC0-301F-11D3-BF4B-00C04F79EFBC}") = "WestWindWholesale", "WWWCore\WestWindWholesale.csproj", "{9F885CD5-F92B-43F9-B7AC-2D0A840AA64F}"
EndProject
Project("{FAE04EC0-301F-11D3-BF4B-00C04F79EFBC}") = "WebApp", "Website\WebApp.csproj", "{6AA3F3B4-70D6-4D6F-8759-50485A3AACD0}"
EndProject
Global
	GlobalSection(SolutionConfigurationPlatforms) = preSolution
		Debug|Any CPU = Debug|Any CPU
		Release|Any CPU = Release|Any CPU
	EndGlobalSection
	GlobalSection(SolutionProperties) = preSolution
		HideSolutionNode = FALSE
	EndGlobalSection
	GlobalSection(ProjectConfigurationPlatforms) = postSolution
		{9F885CD5-F92B-43F9-B7AC-2D0A840AA64F}.Debug|Any CPU.ActiveCfg = Debug|Any CPU
		{9F885CD5-F92B-43F9-B7AC-2D0A840AA64F}.Debug|Any CPU.Build.0 = Debug|Any CPU
		{9F885CD5-F92B-43F9-B7AC-2D0A840AA64F}.Release|Any CPU.ActiveCfg = Release|Any CPU
		{9F885CD5-F92B-43F9-B7AC-2D0A840AA64F}.Release|Any CPU.Build.0 = Release|Any CPU
		{6AA3F3B4-70D6-4D6F-8759-50485A3AACD0}.Debug|Any CPU.ActiveCfg = Debug|Any CPU
		{6AA3F3B4-70D6-4D6F-8759-50485A3AACD0}.Debug|Any CPU.Build.0 = Debug|Any CPU
		{6AA3F3B4-70D6-4D6F-8759-50485A3AACD0}.Release|Any CPU.ActiveCfg = Release|Any CPU
		{6AA3F3B4-70D6-4D6F-8759-50485A3AACD0}.Release|Any CPU.Build.0 = Release|Any CPU
	EndGlobalSection
EndGlobal
